
Microsoft Visual Studio Solution File, Format Version 12.00
# Visual Studio Version 17
VisualStudioVersion = 17.8.34511.84
MinimumVisualStudioVersion = 10.0.40219.1
Project("{9A19103F-16F7-4668-BE54-9A1E7A4F7556}") = "Online-Shop-WEB-API", "Online-Shop-WEB-API\Online-Shop-WEB-API.csproj", "{2CCB2C72-E969-465E-B3A0-EBBD864AA66A}"
EndProject
Global
	GlobalSection(SolutionConfigurationPlatforms) = preSolution
		Debug|Any CPU = Debug|Any CPU
		Release|Any CPU = Release|Any CPU
	EndGlobalSection
	GlobalSection(ProjectConfigurationPlatforms) = postSolution
		{2CCB2C72-E969-465E-B3A0-EBBD864AA66A}.Debug|Any CPU.ActiveCfg = Debug|Any CPU
		{2CCB2C72-E969-465E-B3A0-EBBD864AA66A}.Debug|Any CPU.Build.0 = Debug|Any CPU
		{2CCB2C72-E969-465E-B3A0-EBBD864AA66A}.Release|Any CPU.ActiveCfg = Release|Any CPU
		{2CCB2C72-E969-465E-B3A0-EBBD864AA66A}.Release|Any CPU.Build.0 = Release|Any CPU
	EndGlobalSection
	GlobalSection(SolutionProperties) = preSolution
		HideSolutionNode = FALSE
	EndGlobalSection
	GlobalSection(ExtensibilityGlobals) = postSolution
		SolutionGuid = {ED39CAB9-515F-494D-9A7C-24DA5115370F}
	EndGlobalSection
EndGlobal
